
Microsoft Visual Studio Solution File, Format Version 11.00
# Visual Studio 2010
Project("{FAE04EC0-301F-11D3-BF4B-00C04F79EFBC}") = "Assembly-CSharp", "Assembly-CSharp.csproj", "{157c76df-5b35-693e-355c-124ce1bc875a}"
EndProject
Project("{FAE04EC0-301F-11D3-BF4B-00C04F79EFBC}") = "NavMeshComponents", "NavMeshComponents.csproj", "{f991c6e7-a09c-7a79-f161-06820a542f76}"
EndProject
Project("{FAE04EC0-301F-11D3-BF4B-00C04F79EFBC}") = "NavMeshComponentsEditor", "NavMeshComponentsEditor.csproj", "{eb06b045-0774-c4c1-6a66-44ae69c324b9}"
EndProject
Global
	GlobalSection(SolutionConfigurationPlatforms) = preSolution
		Debug|Any CPU = Debug|Any CPU
	EndGlobalSection
	GlobalSection(ProjectConfigurationPlatforms) = postSolution
		{157c76df-5b35-693e-355c-124ce1bc875a}.Debug|Any CPU.ActiveCfg = Debug|Any CPU
		{157c76df-5b35-693e-355c-124ce1bc875a}.Debug|Any CPU.Build.0 = Debug|Any CPU
		{f991c6e7-a09c-7a79-f161-06820a542f76}.Debug|Any CPU.ActiveCfg = Debug|Any CPU
		{f991c6e7-a09c-7a79-f161-06820a542f76}.Debug|Any CPU.Build.0 = Debug|Any CPU
		{eb06b045-0774-c4c1-6a66-44ae69c324b9}.Debug|Any CPU.ActiveCfg = Debug|Any CPU
		{eb06b045-0774-c4c1-6a66-44ae69c324b9}.Debug|Any CPU.Build.0 = Debug|Any CPU
	EndGlobalSection
	GlobalSection(SolutionProperties) = preSolution
		HideSolutionNode = FALSE
	EndGlobalSection
EndGlobal
